
Microsoft Visual Studio Solution File, Format Version 12.00
# Visual Studio 14
VisualStudioVersion = 14.0.25420.1
MinimumVisualStudioVersion = 10.0.40219.1
Project("{8BC9CEB8-8B4A-11D0-8D11-00A0C91BC942}") = "7.1", "7.1\7.1.vcxproj", "{0C9AA9AE-3BD4-44E8-AE7D-9A619BB8F730}"
EndProject
Project("{8BC9CEB8-8B4A-11D0-8D11-00A0C91BC942}") = "7.2", "7.2\7.2.vcxproj", "{4B374A5D-8BE9-4DCB-BBC6-7C12D98BFE22}"
EndProject
Project("{8BC9CEB8-8B4A-11D0-8D11-00A0C91BC942}") = "7.3", "7.3\7.3.vcxproj", "{3F34A7C5-0A45-40B5-A4FE-BAC703A57DD9}"
EndProject
Project("{8BC9CEB8-8B4A-11D0-8D11-00A0C91BC942}") = "7.4", "7.4\7.4.vcxproj", "{8D342C67-40CC-4FF6-9AF4-6D5793673750}"
EndProject
Project("{8BC9CEB8-8B4A-11D0-8D11-00A0C91BC942}") = "8.3", "8.3\8.3.vcxproj", "{577D5433-27F9-4EA5-A9EA-258E2851B5BD}"
EndProject
Project("{8BC9CEB8-8B4A-11D0-8D11-00A0C91BC942}") = "project", "project\project.vcxproj", "{816778DD-6D79-4144-9DB0-2048752F593E}"
EndProject
Project("{8BC9CEB8-8B4A-11D0-8D11-00A0C91BC942}") = "10.11", "10.11\10.11.vcxproj", "{27B48635-D189-464C-9E23-1B32FF99BF17}"
EndProject
Project("{8BC9CEB8-8B4A-11D0-8D11-00A0C91BC942}") = "Texture", "Texture\Texture.vcxproj", "{CC05EF97-AD66-4042-A8B9-320BB842CB8B}"
EndProject
Global
	GlobalSection(SolutionConfigurationPlatforms) = preSolution
		Debug|x64 = Debug|x64
		Debug|x86 = Debug|x86
		Release|x64 = Release|x64
		Release|x86 = Release|x86
	EndGlobalSection
	GlobalSection(ProjectConfigurationPlatforms) = postSolution
		{0C9AA9AE-3BD4-44E8-AE7D-9A619BB8F730}.Debug|x64.ActiveCfg = Debug|x64
		{0C9AA9AE-3BD4-44E8-AE7D-9A619BB8F730}.Debug|x64.Build.0 = Debug|x64
		{0C9AA9AE-3BD4-44E8-AE7D-9A619BB8F730}.Debug|x86.ActiveCfg = Debug|Win32
		{0C9AA9AE-3BD4-44E8-AE7D-9A619BB8F730}.Debug|x86.Build.0 = Debug|Win32
		{0C9AA9AE-3BD4-44E8-AE7D-9A619BB8F730}.Release|x64.ActiveCfg = Release|x64
		{0C9AA9AE-3BD4-44E8-AE7D-9A619BB8F730}.Release|x64.Build.0 = Release|x64
		{0C9AA9AE-3BD4-44E8-AE7D-9A619BB8F730}.Release|x86.ActiveCfg = Release|Win32
		{0C9AA9AE-3BD4-44E8-AE7D-9A619BB8F730}.Release|x86.Build.0 = Release|Win32
		{4B374A5D-8BE9-4DCB-BBC6-7C12D98BFE22}.Debug|x64.ActiveCfg = Debug|x64
		{4B374A5D-8BE9-4DCB-BBC6-7C12D98BFE22}.Debug|x64.Build.0 = Debug|x64
		{4B374A5D-8BE9-4DCB-BBC6-7C12D98BFE22}.Debug|x86.ActiveCfg = Debug|Win32
		{4B374A5D-8BE9-4DCB-BBC6-7C12D98BFE22}.Debug|x86.Build.0 = Debug|Win32
		{4B374A5D-8BE9-4DCB-BBC6-7C12D98BFE22}.Release|x64.ActiveCfg = Release|x64
		{4B374A5D-8BE9-4DCB-BBC6-7C12D98BFE22}.Release|x64.Build.0 = Release|x64
		{4B374A5D-8BE9-4DCB-BBC6-7C12D98BFE22}.Release|x86.ActiveCfg = Release|Win32
		{4B374A5D-8BE9-4DCB-BBC6-7C12D98BFE22}.Release|x86.Build.0 = Release|Win32
		{3F34A7C5-0A45-40B5-A4FE-BAC703A57DD9}.Debug|x64.ActiveCfg = Debug|x64
		{3F34A7C5-0A45-40B5-A4FE-BAC703A57DD9}.Debug|x64.Build.0 = Debug|x64
		{3F34A7C5-0A45-40B5-A4FE-BAC703A57DD9}.Debug|x86.ActiveCfg = Debug|Win32
		{3F34A7C5-0A45-40B5-A4FE-BAC703A57DD9}.Debug|x86.Build.0 = Debug|Win32
		{3F34A7C5-0A45-40B5-A4FE-BAC703A57DD9}.Release|x64.ActiveCfg = Release|x64
		{3F34A7C5-0A45-40B5-A4FE-BAC703A57DD9}.Release|x64.Build.0 = Release|x64
		{3F34A7C5-0A45-40B5-A4FE-BAC703A57DD9}.Release|x86.ActiveCfg = Release|Win32
		{3F34A7C5-0A45-40B5-A4FE-BAC703A57DD9}.Release|x86.Build.0 = Release|Win32
		{8D342C67-40CC-4FF6-9AF4-6D5793673750}.Debug|x64.ActiveCfg = Debug|x64
		{8D342C67-40CC-4FF6-9AF4-6D5793673750}.Debug|x64.Build.0 = Debug|x64
		{8D342C67-40CC-4FF6-9AF4-6D5793673750}.Debug|x86.ActiveCfg = Debug|Win32
		{8D342C67-40CC-4FF6-9AF4-6D5793673750}.Debug|x86.Build.0 = Debug|Win32
		{8D342C67-40CC-4FF6-9AF4-6D5793673750}.Release|x64.ActiveCfg = Release|x64
		{8D342C67-40CC-4FF6-9AF4-6D5793673750}.Release|x64.Build.0 = Release|x64
		{8D342C67-40CC-4FF6-9AF4-6D5793673750}.Release|x86.ActiveCfg = Release|Win32
		{8D342C67-40CC-4FF6-9AF4-6D5793673750}.Release|x86.Build.0 = Release|Win32
		{577D5433-27F9-4EA5-A9EA-258E2851B5BD}.Debug|x64.ActiveCfg = Debug|x64
		{577D5433-27F9-4EA5-A9EA-258E2851B5BD}.Debug|x64.Build.0 = Debug|x64
		{577D5433-27F9-4EA5-A9EA-258E2851B5BD}.Debug|x86.ActiveCfg = Debug|Win32
		{577D5433-27F9-4EA5-A9EA-258E2851B5BD}.Debug|x86.Build.0 = Debug|Win32
		{577D5433-27F9-4EA5-A9EA-258E2851B5BD}.Release|x64.ActiveCfg = Release|x64
		{577D5433-27F9-4EA5-A9EA-258E2851B5BD}.Release|x64.Build.0 = Release|x64
		{577D5433-27F9-4EA5-A9EA-258E2851B5BD}.Release|x86.ActiveCfg = Release|Win32
		{577D5433-27F9-4EA5-A9EA-258E2851B5BD}.Release|x86.Build.0 = Release|Win32
		{816778DD-6D79-4144-9DB0-2048752F593E}.Debug|x64.ActiveCfg = Debug|x64
		{816778DD-6D79-4144-9DB0-2048752F593E}.Debug|x64.Build.0 = Debug|x64
		{816778DD-6D79-4144-9DB0-2048752F593E}.Debug|x86.ActiveCfg = Debug|Win32
		{816778DD-6D79-4144-9DB0-2048752F593E}.Debug|x86.Build.0 = Debug|Win32
		{816778DD-6D79-4144-9DB0-2048752F593E}.Release|x64.ActiveCfg = Release|x64
		{816778DD-6D79-4144-9DB0-2048752F593E}.Release|x64.Build.0 = Release|x64
		{816778DD-6D79-4144-9DB0-2048752F593E}.Release|x86.ActiveCfg = Release|Win32
		{816778DD-6D79-4144-9DB0-2048752F593E}.Release|x86.Build.0 = Release|Win32
		{27B48635-D189-464C-9E23-1B32FF99BF17}.Debug|x64.ActiveCfg = Debug|x64
		{27B48635-D189-464C-9E23-1B32FF99BF17}.Debug|x64.Build.0 = Debug|x64
		{27B48635-D189-464C-9E23-1B32FF99BF17}.Debug|x86.ActiveCfg = Debug|Win32
		{27B48635-D189-464C-9E23-1B32FF99BF17}.Debug|x86.Build.0 = Debug|Win32
		{27B48635-D189-464C-9E23-1B32FF99BF17}.Release|x64.ActiveCfg = Release|x64
		{27B48635-D189-464C-9E23-1B32FF99BF17}.Release|x64.Build.0 = Release|x64
		{27B48635-D189-464C-9E23-1B32FF99BF17}.Release|x86.ActiveCfg = Release|Win32
		{27B48635-D189-464C-9E23-1B32FF99BF17}.Release|x86.Build.0 = Release|Win32
		{CC05EF97-AD66-4042-A8B9-320BB842CB8B}.Debug|x64.ActiveCfg = Debug|x64
		{CC05EF97-AD66-4042-A8B9-320BB842CB8B}.Debug|x64.Build.0 = Debug|x64
		{CC05EF97-AD66-4042-A8B9-320BB842CB8B}.Debug|x86.ActiveCfg = Debug|Win32
		{CC05EF97-AD66-4042-A8B9-320BB842CB8B}.Debug|x86.Build.0 = Debug|Win32
		{CC05EF97-AD66-4042-A8B9-320BB842CB8B}.Release|x64.ActiveCfg = Release|x64
		{CC05EF97-AD66-4042-A8B9-320BB842CB8B}.Release|x64.Build.0 = Release|x64
		{CC05EF97-AD66-4042-A8B9-320BB842CB8B}.Release|x86.ActiveCfg = Release|Win32
		{CC05EF97-AD66-4042-A8B9-320BB842CB8B}.Release|x86.Build.0 = Release|Win32
	EndGlobalSection
	GlobalSection(SolutionProperties) = preSolution
		HideSolutionNode = FALSE
	EndGlobalSection
EndGlobal
